{
  "name": "aoc-2022",
  "version": "1.0.0",
  "lockfileVersion": 2,
  "requires": true,
  "packages": {
    "": {
      "name": "aoc-2022",
      "version": "1.0.0",
      "license": "ISC",
      "dependencies": {
        "linear-solve": "^1.2.1"
      }
    },
    "node_modules/linear-solve": {
      "version": "1.2.1",
      "resolved": "https://registry.npmjs.org/linear-solve/-/linear-solve-1.2.1.tgz",
      "integrity": "sha512-YysEUwkRRtxvjJto9kArBJdH/NCnakI8YOrSDD8yK1EV3+t8UjNzqdCQSU+FaNtYLTCBdlI7fwV6Fbn1EEyLew=="
    }
  },
  "dependencies": {
    "linear-solve": {
      "version": "1.2.1",
      "resolved": "https://registry.npmjs.org/linear-solve/-/linear-solve-1.2.1.tgz",
      "integrity": "sha512-YysEUwkRRtxvjJto9kArBJdH/NCnakI8YOrSDD8yK1EV3+t8UjNzqdCQSU+FaNtYLTCBdlI7fwV6Fbn1EEyLew=="
    }
  }
}
